// !$*UTF8*$!
{
	archiveVersion = 1;
	classes = {
	};
	objectVersion = 77;
	objects = {

/* Begin PBXContainerItemProxy section */
		621E507C2CBF4A7B0076D4AB /* PBXContainerItemProxy */ = {
			isa = PBXContainerItemProxy;
			containerPortal = 621E505D2CBF4A790076D4AB /* Project object */;
			proxyType = 1;
			remoteGlobalIDString = 621E50642CBF4A790076D4AB;
			remoteInfo = App7;
		};
		621E50862CBF4A7B0076D4AB /* PBXContainerItemProxy */ = {
			isa = PBXContainerItemProxy;
			containerPortal = 621E505D2CBF4A790076D4AB /* Project object */;
			proxyType = 1;
			remoteGlobalIDString = 621E50642CBF4A790076D4AB;
			remoteInfo = App7;
		};
/* End PBXContainerItemProxy section */

/* Begin PBXFileReference section */
		621E50652CBF4A790076D4AB /* App7.app */ = {isa = PBXFileReference; explicitFileType = wrapper.application; includeInIndex = 0; path = App7.app; sourceTree = BUILT_PRODUCTS_DIR; };
		621E507B2CBF4A7B0076D4AB /* App7Tests.xctest */ = {isa = PBXFileReference; explicitFileType = wrapper.cfbundle; includeInIndex = 0; path = App7Tests.xctest; sourceTree = BUILT_PRODUCTS_DIR; };
		621E50852CBF4A7B0076D4AB /* App7UITests.xctest */ = {isa = PBXFileReference; explicitFileType = wrapper.cfbundle; includeInIndex = 0; path = App7UITests.xctest; sourceTree = BUILT_PRODUCTS_DIR; };
/* End PBXFileReference section */

/* Begin PBXFileSystemSynchronizedBuildFileExceptionSet section */
		621E508D2CBF4A7B0076D4AB /* Exceptions for "App7" folder in "App7" target */ = {
			isa = PBXFileSystemSynchronizedBuildFileExceptionSet;
			membershipExceptions = (
				Info.plist,
			);
			target = 621E50642CBF4A790076D4AB /* App7 */;
		};
/* End PBXFileSystemSynchronizedBuildFileExceptionSet section */

/* Begin PBXFileSystemSynchronizedRootGroup section */
		621E50672CBF4A790076D4AB /* App7 */ = {
			isa = PBXFileSystemSynchronizedRootGroup;
			exceptions = (
				621E508D2CBF4A7B0076D4AB /* Exceptions for "App7" folder in "App7" target */,
			);
			path = App7;
			sourceTree = "<group>";
		};
		621E507E2CBF4A7B0076D4AB /* App7Tests */ = {
			isa = PBXFileSystemSynchronizedRootGroup;
			path = App7Tests;
			sourceTree = "<group>";
		};
		621E50882CBF4A7B0076D4AB /* App7UITests */ = {
			isa = PBXFileSystemSynchronizedRootGroup;
			path = App7UITests;
			sourceTree = "<group>";
		};
/* End PBXFileSystemSynchronizedRootGroup section */

/* Begin PBXFrameworksBuildPhase section */
		621E50622CBF4A790076D4AB /* Frameworks */ = {
			isa = PBXFrameworksBuildPhase;
			buildActionMask = 2147483647;
			files = (
			);
			runOnlyForDeploymentPostprocessing = 0;
		};
		621E50782CBF4A7B0076D4AB /* Frameworks */ = {
			isa = PBXFrameworksBuildPhase;
			buildActionMask = 2147483647;
			files = (
			);
			runOnlyForDeploymentPostprocessing = 0;
		};
		621E50822CBF4A7B0076D4AB /* Frameworks */ = {
			isa = PBXFrameworksBuildPhase;
			buildActionMask = 2147483647;
			files = (
			);
			runOnlyForDeploymentPostprocessing = 0;
		};
/* End PBXFrameworksBuildPhase section */

/* Begin PBXGroup section */
		621E505C2CBF4A790076D4AB = {
			isa = PBXGroup;
			children = (
				621E50672CBF4A790076D4AB /* App7 */,
				621E507E2CBF4A7B0076D4AB /* App7Tests */,
				621E50882CBF4A7B0076D4AB /* App7UITests */,
				621E50662CBF4A790076D4AB /* Products */,
			);
			sourceTree = "<group>";
		};
		621E50662CBF4A790076D4AB /* Products */ = {
			isa = PBXGroup;
			children = (
				621E50652CBF4A790076D4AB /* App7.app */,
				621E507B2CBF4A7B0076D4AB /* App7Tests.xctest */,
				621E50852CBF4A7B0076D4AB /* App7UITests.xctest */,
			);
			name = Products;
			sourceTree = "<group>";
		};
/* End PBXGroup section */

/* Begin PBXNativeTarget section */
		621E50642CBF4A790076D4AB /* App7 */ = {
			isa = PBXNativeTarget;
			buildConfigurationList = 621E508E2CBF4A7B0076D4AB /* Build configuration list for PBXNativeTarget "App7" */;
			buildPhases = (
				621E50612CBF4A790076D4AB /* Sources */,
				621E50622CBF4A790076D4AB /* Frameworks */,
				621E50632CBF4A790076D4AB /* Resources */,
			);
			buildRules = (
			);
			dependencies = (
			);
			fileSystemSynchronizedGroups = (
				621E50672CBF4A790076D4AB /* App7 */,
			);
			name = App7;
			packageProductDependencies = (
			);
			productName = App7;
			productReference = 621E50652CBF4A790076D4AB /* App7.app */;
			productType = "com.apple.product-type.application";
		};
		621E507A2CBF4A7B0076D4AB /* App7Tests */ = {
			isa = PBXNativeTarget;
			buildConfigurationList = 621E50932CBF4A7B0076D4AB /* Build configuration list for PBXNativeTarget "App7Tests" */;
			buildPhases = (
				621E50772CBF4A7B0076D4AB /* Sources */,
				621E50782CBF4A7B0076D4AB /* Frameworks */,
				621E50792CBF4A7B0076D4AB /* Resources */,
			);
			buildRules = (
			);
			dependencies = (
				621E507D2CBF4A7B0076D4AB /* PBXTargetDependency */,
			);
			fileSystemSynchronizedGroups = (
				621E507E2CBF4A7B0076D4AB /* App7Tests */,
			);
			name = App7Tests;
			packageProductDependencies = (
			);
			productName = App7Tests;
			productReference = 621E507B2CBF4A7B0076D4AB /* App7Tests.xctest */;
			productType = "com.apple.product-type.bundle.unit-test";
		};
		621E50842CBF4A7B0076D4AB /* App7UITests */ = {
			isa = PBXNativeTarget;
			buildConfigurationList = 621E50962CBF4A7B0076D4AB /* Build configuration list for PBXNativeTarget "App7UITests" */;
			buildPhases = (
				621E50812CBF4A7B0076D4AB /* Sources */,
				621E50822CBF4A7B0076D4AB /* Frameworks */,
				621E50832CBF4A7B0076D4AB /* Resources */,
			);
			buildRules = (
			);
			dependencies = (
				621E50872CBF4A7B0076D4AB /* PBXTargetDependency */,
			);
			fileSystemSynchronizedGroups = (
				621E50882CBF4A7B0076D4AB /* App7UITests */,
			);
			name = App7UITests;
			packageProductDependencies = (
			);
			productName = App7UITests;
			productReference = 621E50852CBF4A7B0076D4AB /* App7UITests.xctest */;
			productType = "com.apple.product-type.bundle.ui-testing";
		};
/* End PBXNativeTarget section */

/* Begin PBXProject section */
		621E505D2CBF4A790076D4AB /* Project object */ = {
			isa = PBXProject;
			attributes = {
				BuildIndependentTargetsInParallel = 1;
				LastSwiftUpdateCheck = 1600;
				LastUpgradeCheck = 1600;
				TargetAttributes = {
					621E50642CBF4A790076D4AB = {
						CreatedOnToolsVersion = 16.0;
					};
					621E507A2CBF4A7B0076D4AB = {
						CreatedOnToolsVersion = 16.0;
						TestTargetID = 621E50642CBF4A790076D4AB;
					};
					621E50842CBF4A7B0076D4AB = {
						CreatedOnToolsVersion = 16.0;
						TestTargetID = 621E50642CBF4A790076D4AB;
					};
				};
			};
			buildConfigurationList = 621E50602CBF4A790076D4AB /* Build configuration list for PBXProject "App7" */;
			developmentRegion = en;
			hasScannedForEncodings = 0;
			knownRegions = (
				en,
				Base,
			);
			mainGroup = 621E505C2CBF4A790076D4AB;
			minimizedProjectReferenceProxies = 1;
			preferredProjectObjectVersion = 77;
			productRefGroup = 621E50662CBF4A790076D4AB /* Products */;
			projectDirPath = "";
			projectRoot = "";
			targets = (
				621E50642CBF4A790076D4AB /* App7 */,
				621E507A2CBF4A7B0076D4AB /* App7Tests */,
				621E50842CBF4A7B0076D4AB /* App7UITests */,
			);
		};
/* End PBXProject section */

/* Begin PBXResourcesBuildPhase section */
		621E50632CBF4A790076D4AB /* Resources */ = {
			isa = PBXResourcesBuildPhase;
			buildActionMask = 2147483647;
			files = (
			);
			runOnlyForDeploymentPostprocessing = 0;
		};
		621E50792CBF4A7B0076D4AB /* Resources */ = {
			isa = PBXResourcesBuildPhase;
			buildActionMask = 2147483647;
			files = (
			);
			runOnlyForDeploymentPostprocessing = 0;
		};
		621E50832CBF4A7B0076D4AB /* Resources */ = {
			isa = PBXResourcesBuildPhase;
			buildActionMask = 2147483647;
			files = (
			);
			runOnlyForDeploymentPostprocessing = 0;
		};
/* End PBXResourcesBuildPhase section */

/* Begin PBXSourcesBuildPhase section */
		621E50612CBF4A790076D4AB /* Sources */ = {
			isa = PBXSourcesBuildPhase;
			buildActionMask = 2147483647;
			files = (
			);
			runOnlyForDeploymentPostprocessing = 0;
		};
		621E50772CBF4A7B0076D4AB /* Sources */ = {
			isa = PBXSourcesBuildPhase;
			buildActionMask = 2147483647;
			files = (
			);
			runOnlyForDeploymentPostprocessing = 0;
		};
		621E50812CBF4A7B0076D4AB /* Sources */ = {
			isa = PBXSourcesBuildPhase;
			buildActionMask = 2147483647;
			files = (
			);
			runOnlyForDeploymentPostprocessing = 0;
		};
/* End PBXSourcesBuildPhase section */

/* Begin PBXTargetDependency section */
		621E507D2CBF4A7B0076D4AB /* PBXTargetDependency */ = {
			isa = PBXTargetDependency;
			target = 621E50642CBF4A790076D4AB /* App7 */;
			targetProxy = 621E507C2CBF4A7B0076D4AB /* PBXContainerItemProxy */;
		};
		621E50872CBF4A7B0076D4AB /* PBXTargetDependency */ = {
			isa = PBXTargetDependency;
			target = 621E50642CBF4A790076D4AB /* App7 */;
			targetProxy = 621E50862CBF4A7B0076D4AB /* PBXContainerItemProxy */;
		};
/* End PBXTargetDependency section */

/* Begin XCBuildConfiguration section */
		621E508F2CBF4A7B0076D4AB /* Debug */ = {
			isa = XCBuildConfiguration;
			buildSettings = {
				ASSETCATALOG_COMPILER_APPICON_NAME = AppIcon;
				ASSETCATALOG_COMPILER_GLOBAL_ACCENT_COLOR_NAME = AccentColor;
				CODE_SIGN_STYLE = Automatic;
				CURRENT_PROJECT_VERSION = 1;
				GENERATE_INFOPLIST_FILE = YES;
				INFOPLIST_FILE = App7/Info.plist;
				INFOPLIST_KEY_UIApplicationSupportsIndirectInputEvents = YES;
				INFOPLIST_KEY_UILaunchStoryboardName = LaunchScreen;
				INFOPLIST_KEY_UIMainStoryboardFile = Main;
				INFOPLIST_KEY_UISupportedInterfaceOrientations_iPad = "UIInterfaceOrientationPortrait UIInterfaceOrientationPortraitUpsideDown UIInterfaceOrientationLandscapeLeft UIInterfaceOrientationLandscapeRight";
				INFOPLIST_KEY_UISupportedInterfaceOrientations_iPhone = "UIInterfaceOrientationPortrait UIInterfaceOrientationLandscapeLeft UIInterfaceOrientationLandscapeRight";
				LD_RUNPATH_SEARCH_PATHS = (
					"$(inherited)",
					"@executable_path/Frameworks",
				);
				MARKETING_VERSION = 1.0;
				PRODUCT_BUNDLE_IDENTIFIER = neu.App7;
				PRODUCT_NAME = "$(TARGET_NAME)";
				SWIFT_EMIT_LOC_STRINGS = YES;
				SWIFT_VERSION = 5.0;
				TARGETED_DEVICE_FAMILY = "1,2";
			};
			name = Debug;
		};
		621E50902CBF4A7B0076D4AB /* Release */ = {
			isa = XCBuildConfiguration;
			buildSettings = {
				ASSETCATALOG_COMPILER_APPICON_NAME = AppIcon;
				ASSETCATALOG_COMPILER_GLOBAL_ACCENT_COLOR_NAME = AccentColor;
				CODE_SIGN_STYLE = Automatic;
				CURRENT_PROJECT_VERSION = 1;
				GENERATE_INFOPLIST_FILE = YES;
				INFOPLIST_FILE = App7/Info.plist;
				INFOPLIST_KEY_UIApplicationSupportsIndirectInputEvents = YES;
				INFOPLIST_KEY_UILaunchStoryboardName = LaunchScreen;
				INFOPLIST_KEY_UIMainStoryboardFile = Main;
				INFOPLIST_KEY_UISupportedInterfaceOrientations_iPad = "UIInterfaceOrientationPortrait UIInterfaceOrientationPortraitUpsideDown UIInterfaceOrientationLandscapeLeft UIInterfaceOrientationLandscapeRight";
				INFOPLIST_KEY_UISupportedInterfaceOrientations_iPhone = "UIInterfaceOrientationPortrait UIInterfaceOrientationLandscapeLeft UIInterfaceOrientationLandscapeRight";
				LD_RUNPATH_SEARCH_PATHS = (
					"$(inherited)",
					"@executable_path/Frameworks",
				);
				MARKETING_VERSION = 1.0;
				PRODUCT_BUNDLE_IDENTIFIER = neu.App7;
				PRODUCT_NAME = "$(TARGET_NAME)";
				SWIFT_EMIT_LOC_STRINGS = YES;
				SWIFT_VERSION = 5.0;
				TARGETED_DEVICE_FAMILY = "1,2";
			};
			name = Release;
		};
		621E50912CBF4A7B0076D4AB /* Debug */ = {
			isa = XCBuildConfiguration;
			buildSettings = {
				ALWAYS_SEARCH_USER_PATHS = NO;
				ASSETCATALOG_COMPILER_GENERATE_SWIFT_ASSET_SYMBOL_EXTENSIONS = YES;
				CLANG_ANALYZER_NONNULL = YES;
				CLANG_ANALYZER_NUMBER_OBJECT_CONVERSION = YES_AGGRESSIVE;
				CLANG_CXX_LANGUAGE_STANDARD = "gnu++20";
				CLANG_ENABLE_MODULES = YES;
				CLANG_ENABLE_OBJC_ARC = YES;
				CLANG_ENABLE_OBJC_WEAK = YES;
				CLANG_WARN_BLOCK_CAPTURE_AUTORELEASING = YES;
				CLANG_WARN_BOOL_CONVERSION = YES;
				CLANG_WARN_COMMA = YES;
				CLANG_WARN_CONSTANT_CONVERSION = YES;
				CLANG_WARN_DEPRECATED_OBJC_IMPLEMENTATIONS = YES;
				CLANG_WARN_DIRECT_OBJC_ISA_USAGE = YES_ERROR;
				CLANG_WARN_DOCUMENTATION_COMMENTS = YES;
				CLANG_WARN_EMPTY_BODY = YES;
				CLANG_WARN_ENUM_CONVERSION = YES;
				CLANG_WARN_INFINITE_RECURSION = YES;
				CLANG_WARN_INT_CONVERSION = YES;
				CLANG_WARN_NON_LITERAL_NULL_CONVERSION = YES;
				CLANG_WARN_OBJC_IMPLICIT_RETAIN_SELF = YES;
				CLANG_WARN_OBJC_LITERAL_CONVERSION = YES;
				CLANG_WARN_OBJC_ROOT_CLASS = YES_ERROR;
				CLANG_WARN_QUOTED_INCLUDE_IN_FRAMEWORK_HEADER = YES;
				CLANG_WARN_RANGE_LOOP_ANALYSIS = YES;
				CLANG_WARN_STRICT_PROTOTYPES = YES;
				CLANG_WARN_SUSPICIOUS_MOVE = YES;
				CLANG_WARN_UNGUARDED_AVAILABILITY = YES_AGGRESSIVE;
				CLANG_WARN_UNREACHABLE_CODE = YES;
				CLANG_WARN__DUPLICATE_METHOD_MATCH = YES;
				COPY_PHASE_STRIP = NO;
				DEBUG_INFORMATION_FORMAT = dwarf;
				ENABLE_STRICT_OBJC_MSGSEND = YES;
				ENABLE_TESTABILITY = YES;
				ENABLE_USER_SCRIPT_SANDBOXING = YES;
				GCC_C_LANGUAGE_STANDARD = gnu17;
				GCC_DYNAMIC_NO_PIC = NO;
				GCC_NO_COMMON_BLOCKS = YES;
				GCC_OPTIMIZATION_LEVEL = 0;
				GCC_PREPROCESSOR_DEFINITIONS = (
					"DEBUG=1",
					"$(inherited)",
				);
				GCC_WARN_64_TO_32_BIT_CONVERSION = YES;
				GCC_WARN_ABOUT_RETURN_TYPE = YES_ERROR;
				GCC_WARN_UNDECLARED_SELECTOR = YES;
				GCC_WARN_UNINITIALIZED_AUTOS = YES_AGGRESSIVE;
				GCC_WARN_UNUSED_FUNCTION = YES;
				GCC_WARN_UNUSED_VARIABLE = YES;
				IPHONEOS_DEPLOYMENT_TARGET = 18.0;
				LOCALIZATION_PREFERS_STRING_CATALOGS = YES;
				MTL_ENABLE_DEBUG_INFO = INCLUDE_SOURCE;
				MTL_FAST_MATH = YES;
				ONLY_ACTIVE_ARCH = YES;
				SDKROOT = iphoneos;
				SWIFT_ACTIVE_COMPILATION_CONDITIONS = "DEBUG $(inherited)";
				SWIFT_OPTIMIZATION_LEVEL = "-Onone";
			};
			name = Debug;
		};
		621E50922CBF4A7B0076D4AB /* Release */ = {
			isa = XCBuildConfiguration;
			buildSettings = {
				ALWAYS_SEARCH_USER_PATHS = NO;
				ASSETCATALOG_COMPILER_GENERATE_SWIFT_ASSET_SYMBOL_EXTENSIONS = YES;
				CLANG_ANALYZER_NONNULL = YES;
				CLANG_ANALYZER_NUMBER_OBJECT_CONVERSION = YES_AGGRESSIVE;
				CLANG_CXX_LANGUAGE_STANDARD = "gnu++20";
				CLANG_ENABLE_MODULES = YES;
				CLANG_ENABLE_OBJC_ARC = YES;
				CLANG_ENABLE_OBJC_WEAK = YES;
				CLANG_WARN_BLOCK_CAPTURE_AUTORELEASING = YES;
				CLANG_WARN_BOOL_CONVERSION = YES;
				CLANG_WARN_COMMA = YES;
				CLANG_WARN_CONSTANT_CONVERSION = YES;
				CLANG_WARN_DEPRECATED_OBJC_IMPLEMENTATIONS = YES;
				CLANG_WARN_DIRECT_OBJC_ISA_USAGE = YES_ERROR;
				CLANG_WARN_DOCUMENTATION_COMMENTS = YES;
				CLANG_WARN_EMPTY_BODY = YES;
				CLANG_WARN_ENUM_CONVERSION = YES;
				CLANG_WARN_INFINITE_RECURSION = YES;
				CLANG_WARN_INT_CONVERSION = YES;
				CLANG_WARN_NON_LITERAL_NULL_CONVERSION = YES;
				CLANG_WARN_OBJC_IMPLICIT_RETAIN_SELF = YES;
				CLANG_WARN_OBJC_LITERAL_CONVERSION = YES;
				CLANG_WARN_OBJC_ROOT_CLASS = YES_ERROR;
				CLANG_WARN_QUOTED_INCLUDE_IN_FRAMEWORK_HEADER = YES;
				CLANG_WARN_RANGE_LOOP_ANALYSIS = YES;
				CLANG_WARN_STRICT_PROTOTYPES = YES;
				CLANG_WARN_SUSPICIOUS_MOVE = YES;
				CLANG_WARN_UNGUARDED_AVAILABILITY = YES_AGGRESSIVE;
				CLANG_WARN_UNREACHABLE_CODE = YES;
				CLANG_WARN__DUPLICATE_METHOD_MATCH = YES;
				COPY_PHASE_STRIP = NO;
				DEBUG_INFORMATION_FORMAT = "dwarf-with-dsym";
				ENABLE_NS_ASSERTIONS = NO;
				ENABLE_STRICT_OBJC_MSGSEND = YES;
				ENABLE_USER_SCRIPT_SANDBOXING = YES;
				GCC_C_LANGUAGE_STANDARD = gnu17;
				GCC_NO_COMMON_BLOCKS = YES;
				GCC_WARN_64_TO_32_BIT_CONVERSION = YES;
				GCC_WARN_ABOUT_RETURN_TYPE = YES_ERROR;
				GCC_WARN_UNDECLARED_SELECTOR = YES;
				GCC_WARN_UNINITIALIZED_AUTOS = YES_AGGRESSIVE;
				GCC_WARN_UNUSED_FUNCTION = YES;
				GCC_WARN_UNUSED_VARIABLE = YES;
				IPHONEOS_DEPLOYMENT_TARGET = 18.0;
				LOCALIZATION_PREFERS_STRING_CATALOGS = YES;
				MTL_ENABLE_DEBUG_INFO = NO;
				MTL_FAST_MATH = YES;
				SDKROOT = iphoneos;
				SWIFT_COMPILATION_MODE = wholemodule;
				VALIDATE_PRODUCT = YES;
			};
			name = Release;
		};
		621E50942CBF4A7B0076D4AB /* Debug */ = {
			isa = XCBuildConfiguration;
			buildSettings = {
				BUNDLE_LOADER = "$(TEST_HOST)";
				CODE_SIGN_STYLE = Automatic;
				CURRENT_PROJECT_VERSION = 1;
				GENERATE_INFOPLIST_FILE = YES;
				IPHONEOS_DEPLOYMENT_TARGET = 18.0;
				MARKETING_VERSION = 1.0;
				PRODUCT_BUNDLE_IDENTIFIER = neu.App7Tests;
				PRODUCT_NAME = "$(TARGET_NAME)";
				SWIFT_EMIT_LOC_STRINGS = NO;
				SWIFT_VERSION = 5.0;
				TARGETED_DEVICE_FAMILY = "1,2";
				TEST_HOST = "$(BUILT_PRODUCTS_DIR)/App7.app/$(BUNDLE_EXECUTABLE_FOLDER_PATH)/App7";
			};
			name = Debug;
		};
		621E50952CBF4A7B0076D4AB /* Release */ = {
			isa = XCBuildConfiguration;
			buildSettings = {
				BUNDLE_LOADER = "$(TEST_HOST)";
				CODE_SIGN_STYLE = Automatic;
				CURRENT_PROJECT_VERSION = 1;
				GENERATE_INFOPLIST_FILE = YES;
				IPHONEOS_DEPLOYMENT_TARGET = 18.0;
				MARKETING_VERSION = 1.0;
				PRODUCT_BUNDLE_IDENTIFIER = neu.App7Tests;
				PRODUCT_NAME = "$(TARGET_NAME)";
				SWIFT_EMIT_LOC_STRINGS = NO;
				SWIFT_VERSION = 5.0;
				TARGETED_DEVICE_FAMILY = "1,2";
				TEST_HOST = "$(BUILT_PRODUCTS_DIR)/App7.app/$(BUNDLE_EXECUTABLE_FOLDER_PATH)/App7";
			};
			name = Release;
		};
		621E50972CBF4A7B0076D4AB /* Debug */ = {
			isa = XCBuildConfiguration;
			buildSettings = {
				CODE_SIGN_STYLE = Automatic;
				CURRENT_PROJECT_VERSION = 1;
				GENERATE_INFOPLIST_FILE = YES;
				MARKETING_VERSION = 1.0;
				PRODUCT_BUNDLE_IDENTIFIER = neu.App7UITests;
				PRODUCT_NAME = "$(TARGET_NAME)";
				SWIFT_EMIT_LOC_STRINGS = NO;
				SWIFT_VERSION = 5.0;
				TARGETED_DEVICE_FAMILY = "1,2";
				TEST_TARGET_NAME = App7;
			};
			name = Debug;
		};
		621E50982CBF4A7B0076D4AB /* Release */ = {
			isa = XCBuildConfiguration;
			buildSettings = {
				CODE_SIGN_STYLE = Automatic;
				CURRENT_PROJECT_VERSION = 1;
				GENERATE_INFOPLIST_FILE = YES;
				MARKETING_VERSION = 1.0;
				PRODUCT_BUNDLE_IDENTIFIER = neu.App7UITests;
				PRODUCT_NAME = "$(TARGET_NAME)";
				SWIFT_EMIT_LOC_STRINGS = NO;
				SWIFT_VERSION = 5.0;
				TARGETED_DEVICE_FAMILY = "1,2";
				TEST_TARGET_NAME = App7;
			};
			name = Release;
		};
/* End XCBuildConfiguration section */

/* Begin XCConfigurationList section */
		621E50602CBF4A790076D4AB /* Build configuration list for PBXProject "App7" */ = {
			isa = XCConfigurationList;
			buildConfigurations = (
				621E50912CBF4A7B0076D4AB /* Debug */,
				621E50922CBF4A7B0076D4AB /* Release */,
			);
			defaultConfigurationIsVisible = 0;
			defaultConfigurationName = Release;
		};
		621E508E2CBF4A7B0076D4AB /* Build configuration list for PBXNativeTarget "App7" */ = {
			isa = XCConfigurationList;
			buildConfigurations = (
				621E508F2CBF4A7B0076D4AB /* Debug */,
				621E50902CBF4A7B0076D4AB /* Release */,
			);
			defaultConfigurationIsVisible = 0;
			defaultConfigurationName = Release;
		};
		621E50932CBF4A7B0076D4AB /* Build configuration list for PBXNativeTarget "App7Tests" */ = {
			isa = XCConfigurationList;
			buildConfigurations = (
				621E50942CBF4A7B0076D4AB /* Debug */,
				621E50952CBF4A7B0076D4AB /* Release */,
			);
			defaultConfigurationIsVisible = 0;
			defaultConfigurationName = Release;
		};
		621E50962CBF4A7B0076D4AB /* Build configuration list for PBXNativeTarget "App7UITests" */ = {
			isa = XCConfigurationList;
			buildConfigurations = (
				621E50972CBF4A7B0076D4AB /* Debug */,
				621E50982CBF4A7B0076D4AB /* Release */,
			);
			defaultConfigurationIsVisible = 0;
			defaultConfigurationName = Release;
		};
/* End XCConfigurationList section */
	};
	rootObject = 621E505D2CBF4A790076D4AB /* Project object */;
}
